
Microsoft Visual Studio Solution File, Format Version 12.00
# Visual Studio 14
VisualStudioVersion = 14.0.25420.1
MinimumVisualStudioVersion = 10.0.40219.1
Project("{8BC9CEB8-8B4A-11D0-8D11-00A0C91BC942}") = "seminar2", "seminar2\seminar2.vcxproj", "{21AD205B-7660-48E0-9276-3F443B70C93E}"
EndProject
Project("{8BC9CEB8-8B4A-11D0-8D11-00A0C91BC942}") = "seminar3", "seminar3\seminar3.vcxproj", "{FB92038E-8058-4D75-B20E-63D6A84F201B}"
EndProject
Project("{8BC9CEB8-8B4A-11D0-8D11-00A0C91BC942}") = "seminar4", "seminar4\seminar4.vcxproj", "{D8D39D89-5CDD-4E02-B854-D5EB8FE91A64}"
EndProject
Project("{8BC9CEB8-8B4A-11D0-8D11-00A0C91BC942}") = "seminar5", "seminar5\seminar5.vcxproj", "{D40E6701-BEEB-480F-A977-63175656773B}"
EndProject
Project("{8BC9CEB8-8B4A-11D0-8D11-00A0C91BC942}") = "seminar6", "seminar6\seminar6.vcxproj", "{A00F57AF-F407-4E0C-A303-FA451B3DFB7E}"
EndProject
Project("{8BC9CEB8-8B4A-11D0-8D11-00A0C91BC942}") = "seminar7", "seminar7\seminar7.vcxproj", "{53AB6719-BFF8-4BCA-B870-7D0CAB62A569}"
EndProject
Project("{8BC9CEB8-8B4A-11D0-8D11-00A0C91BC942}") = "seminar8", "seminar8\seminar8.vcxproj", "{2456FD4C-8E8D-41A8-A811-6FEA59904179}"
EndProject
Project("{8BC9CEB8-8B4A-11D0-8D11-00A0C91BC942}") = "seminar9", "seminar9\seminar9.vcxproj", "{1EB92BFA-1851-4DCB-B50A-AC339F602CC4}"
EndProject
Project("{8BC9CEB8-8B4A-11D0-8D11-00A0C91BC942}") = "seminar10", "seminar10\seminar10.vcxproj", "{B16E0007-54C6-4D0F-B9F9-663C164CBD0C}"
EndProject
Project("{8BC9CEB8-8B4A-11D0-8D11-00A0C91BC942}") = "seminar11", "seminar11\seminar11.vcxproj", "{B87B4371-A60B-4870-BE2F-7C79F51629E2}"
EndProject
Project("{8BC9CEB8-8B4A-11D0-8D11-00A0C91BC942}") = "seminar12", "seminar12\seminar12.vcxproj", "{CE0D7B48-48B3-4678-8EA3-11CEB61DF197}"
EndProject
Project("{8BC9CEB8-8B4A-11D0-8D11-00A0C91BC942}") = "Tema1", "Tema1\Tema1.vcxproj", "{F6539BDE-1EE0-48A9-B8D4-2A5F9B8DA405}"
EndProject
Project("{8BC9CEB8-8B4A-11D0-8D11-00A0C91BC942}") = "Tema2", "Tema2\Tema2.vcxproj", "{4A5F8BFB-7216-4359-87A5-EDA81E42783C}"
EndProject
Project("{8BC9CEB8-8B4A-11D0-8D11-00A0C91BC942}") = "Test_nr7", "Test_nr7\Test_nr7.vcxproj", "{82F32583-F879-4FBC-A0AF-A811CD8EFBB6}"
EndProject
Project("{8BC9CEB8-8B4A-11D0-8D11-00A0C91BC942}") = "Test_nr8", "Test_nr8\Test_nr8.vcxproj", "{1421A844-C5BA-4156-A9A2-635A9CE737A3}"
EndProject
Global
	GlobalSection(SolutionConfigurationPlatforms) = preSolution
		Debug|x64 = Debug|x64
		Debug|x86 = Debug|x86
		Release|x64 = Release|x64
		Release|x86 = Release|x86
	EndGlobalSection
	GlobalSection(ProjectConfigurationPlatforms) = postSolution
		{21AD205B-7660-48E0-9276-3F443B70C93E}.Debug|x64.ActiveCfg = Debug|x64
		{21AD205B-7660-48E0-9276-3F443B70C93E}.Debug|x64.Build.0 = Debug|x64
		{21AD205B-7660-48E0-9276-3F443B70C93E}.Debug|x86.ActiveCfg = Debug|Win32
		{21AD205B-7660-48E0-9276-3F443B70C93E}.Debug|x86.Build.0 = Debug|Win32
		{21AD205B-7660-48E0-9276-3F443B70C93E}.Release|x64.ActiveCfg = Release|x64
		{21AD205B-7660-48E0-9276-3F443B70C93E}.Release|x64.Build.0 = Release|x64
		{21AD205B-7660-48E0-9276-3F443B70C93E}.Release|x86.ActiveCfg = Release|Win32
		{21AD205B-7660-48E0-9276-3F443B70C93E}.Release|x86.Build.0 = Release|Win32
		{FB92038E-8058-4D75-B20E-63D6A84F201B}.Debug|x64.ActiveCfg = Debug|x64
		{FB92038E-8058-4D75-B20E-63D6A84F201B}.Debug|x64.Build.0 = Debug|x64
		{FB92038E-8058-4D75-B20E-63D6A84F201B}.Debug|x86.ActiveCfg = Debug|Win32
		{FB92038E-8058-4D75-B20E-63D6A84F201B}.Debug|x86.Build.0 = Debug|Win32
		{FB92038E-8058-4D75-B20E-63D6A84F201B}.Release|x64.ActiveCfg = Release|x64
		{FB92038E-8058-4D75-B20E-63D6A84F201B}.Release|x64.Build.0 = Release|x64
		{FB92038E-8058-4D75-B20E-63D6A84F201B}.Release|x86.ActiveCfg = Release|Win32
		{FB92038E-8058-4D75-B20E-63D6A84F201B}.Release|x86.Build.0 = Release|Win32
		{D8D39D89-5CDD-4E02-B854-D5EB8FE91A64}.Debug|x64.ActiveCfg = Debug|x64
		{D8D39D89-5CDD-4E02-B854-D5EB8FE91A64}.Debug|x64.Build.0 = Debug|x64
		{D8D39D89-5CDD-4E02-B854-D5EB8FE91A64}.Debug|x86.ActiveCfg = Debug|Win32
		{D8D39D89-5CDD-4E02-B854-D5EB8FE91A64}.Debug|x86.Build.0 = Debug|Win32
		{D8D39D89-5CDD-4E02-B854-D5EB8FE91A64}.Release|x64.ActiveCfg = Release|x64
		{D8D39D89-5CDD-4E02-B854-D5EB8FE91A64}.Release|x64.Build.0 = Release|x64
		{D8D39D89-5CDD-4E02-B854-D5EB8FE91A64}.Release|x86.ActiveCfg = Release|Win32
		{D8D39D89-5CDD-4E02-B854-D5EB8FE91A64}.Release|x86.Build.0 = Release|Win32
		{D40E6701-BEEB-480F-A977-63175656773B}.Debug|x64.ActiveCfg = Debug|x64
		{D40E6701-BEEB-480F-A977-63175656773B}.Debug|x64.Build.0 = Debug|x64
		{D40E6701-BEEB-480F-A977-63175656773B}.Debug|x86.ActiveCfg = Debug|Win32
		{D40E6701-BEEB-480F-A977-63175656773B}.Debug|x86.Build.0 = Debug|Win32
		{D40E6701-BEEB-480F-A977-63175656773B}.Release|x64.ActiveCfg = Release|x64
		{D40E6701-BEEB-480F-A977-63175656773B}.Release|x64.Build.0 = Release|x64
		{D40E6701-BEEB-480F-A977-63175656773B}.Release|x86.ActiveCfg = Release|Win32
		{D40E6701-BEEB-480F-A977-63175656773B}.Release|x86.Build.0 = Release|Win32
		{A00F57AF-F407-4E0C-A303-FA451B3DFB7E}.Debug|x64.ActiveCfg = Debug|x64
		{A00F57AF-F407-4E0C-A303-FA451B3DFB7E}.Debug|x64.Build.0 = Debug|x64
		{A00F57AF-F407-4E0C-A303-FA451B3DFB7E}.Debug|x86.ActiveCfg = Debug|Win32
		{A00F57AF-F407-4E0C-A303-FA451B3DFB7E}.Debug|x86.Build.0 = Debug|Win32
		{A00F57AF-F407-4E0C-A303-FA451B3DFB7E}.Release|x64.ActiveCfg = Release|x64
		{A00F57AF-F407-4E0C-A303-FA451B3DFB7E}.Release|x64.Build.0 = Release|x64
		{A00F57AF-F407-4E0C-A303-FA451B3DFB7E}.Release|x86.ActiveCfg = Release|Win32
		{A00F57AF-F407-4E0C-A303-FA451B3DFB7E}.Release|x86.Build.0 = Release|Win32
		{53AB6719-BFF8-4BCA-B870-7D0CAB62A569}.Debug|x64.ActiveCfg = Debug|x64
		{53AB6719-BFF8-4BCA-B870-7D0CAB62A569}.Debug|x64.Build.0 = Debug|x64
		{53AB6719-BFF8-4BCA-B870-7D0CAB62A569}.Debug|x86.ActiveCfg = Debug|Win32
		{53AB6719-BFF8-4BCA-B870-7D0CAB62A569}.Debug|x86.Build.0 = Debug|Win32
		{53AB6719-BFF8-4BCA-B870-7D0CAB62A569}.Release|x64.ActiveCfg = Release|x64
		{53AB6719-BFF8-4BCA-B870-7D0CAB62A569}.Release|x64.Build.0 = Release|x64
		{53AB6719-BFF8-4BCA-B870-7D0CAB62A569}.Release|x86.ActiveCfg = Release|Win32
		{53AB6719-BFF8-4BCA-B870-7D0CAB62A569}.Release|x86.Build.0 = Release|Win32
		{2456FD4C-8E8D-41A8-A811-6FEA59904179}.Debug|x64.ActiveCfg = Debug|x64
		{2456FD4C-8E8D-41A8-A811-6FEA59904179}.Debug|x64.Build.0 = Debug|x64
		{2456FD4C-8E8D-41A8-A811-6FEA59904179}.Debug|x86.ActiveCfg = Debug|Win32
		{2456FD4C-8E8D-41A8-A811-6FEA59904179}.Debug|x86.Build.0 = Debug|Win32
		{2456FD4C-8E8D-41A8-A811-6FEA59904179}.Release|x64.ActiveCfg = Release|x64
		{2456FD4C-8E8D-41A8-A811-6FEA59904179}.Release|x64.Build.0 = Release|x64
		{2456FD4C-8E8D-41A8-A811-6FEA59904179}.Release|x86.ActiveCfg = Release|Win32
		{2456FD4C-8E8D-41A8-A811-6FEA59904179}.Release|x86.Build.0 = Release|Win32
		{1EB92BFA-1851-4DCB-B50A-AC339F602CC4}.Debug|x64.ActiveCfg = Debug|x64
		{1EB92BFA-1851-4DCB-B50A-AC339F602CC4}.Debug|x64.Build.0 = Debug|x64
		{1EB92BFA-1851-4DCB-B50A-AC339F602CC4}.Debug|x86.ActiveCfg = Debug|Win32
		{1EB92BFA-1851-4DCB-B50A-AC339F602CC4}.Debug|x86.Build.0 = Debug|Win32
		{1EB92BFA-1851-4DCB-B50A-AC339F602CC4}.Release|x64.ActiveCfg = Release|x64
		{1EB92BFA-1851-4DCB-B50A-AC339F602CC4}.Release|x64.Build.0 = Release|x64
		{1EB92BFA-1851-4DCB-B50A-AC339F602CC4}.Release|x86.ActiveCfg = Release|Win32
		{1EB92BFA-1851-4DCB-B50A-AC339F602CC4}.Release|x86.Build.0 = Release|Win32
		{B16E0007-54C6-4D0F-B9F9-663C164CBD0C}.Debug|x64.ActiveCfg = Debug|x64
		{B16E0007-54C6-4D0F-B9F9-663C164CBD0C}.Debug|x64.Build.0 = Debug|x64
		{B16E0007-54C6-4D0F-B9F9-663C164CBD0C}.Debug|x86.ActiveCfg = Debug|Win32
		{B16E0007-54C6-4D0F-B9F9-663C164CBD0C}.Debug|x86.Build.0 = Debug|Win32
		{B16E0007-54C6-4D0F-B9F9-663C164CBD0C}.Release|x64.ActiveCfg = Release|x64
		{B16E0007-54C6-4D0F-B9F9-663C164CBD0C}.Release|x64.Build.0 = Release|x64
		{B16E0007-54C6-4D0F-B9F9-663C164CBD0C}.Release|x86.ActiveCfg = Release|Win32
		{B16E0007-54C6-4D0F-B9F9-663C164CBD0C}.Release|x86.Build.0 = Release|Win32
		{B87B4371-A60B-4870-BE2F-7C79F51629E2}.Debug|x64.ActiveCfg = Debug|x64
		{B87B4371-A60B-4870-BE2F-7C79F51629E2}.Debug|x64.Build.0 = Debug|x64
		{B87B4371-A60B-4870-BE2F-7C79F51629E2}.Debug|x86.ActiveCfg = Debug|Win32
		{B87B4371-A60B-4870-BE2F-7C79F51629E2}.Debug|x86.Build.0 = Debug|Win32
		{B87B4371-A60B-4870-BE2F-7C79F51629E2}.Release|x64.ActiveCfg = Release|x64
		{B87B4371-A60B-4870-BE2F-7C79F51629E2}.Release|x64.Build.0 = Release|x64
		{B87B4371-A60B-4870-BE2F-7C79F51629E2}.Release|x86.ActiveCfg = Release|Win32
		{B87B4371-A60B-4870-BE2F-7C79F51629E2}.Release|x86.Build.0 = Release|Win32
		{CE0D7B48-48B3-4678-8EA3-11CEB61DF197}.Debug|x64.ActiveCfg = Debug|x64
		{CE0D7B48-48B3-4678-8EA3-11CEB61DF197}.Debug|x64.Build.0 = Debug|x64
		{CE0D7B48-48B3-4678-8EA3-11CEB61DF197}.Debug|x86.ActiveCfg = Debug|Win32
		{CE0D7B48-48B3-4678-8EA3-11CEB61DF197}.Debug|x86.Build.0 = Debug|Win32
		{CE0D7B48-48B3-4678-8EA3-11CEB61DF197}.Release|x64.ActiveCfg = Release|x64
		{CE0D7B48-48B3-4678-8EA3-11CEB61DF197}.Release|x64.Build.0 = Release|x64
		{CE0D7B48-48B3-4678-8EA3-11CEB61DF197}.Release|x86.ActiveCfg = Release|Win32
		{CE0D7B48-48B3-4678-8EA3-11CEB61DF197}.Release|x86.Build.0 = Release|Win32
		{F6539BDE-1EE0-48A9-B8D4-2A5F9B8DA405}.Debug|x64.ActiveCfg = Debug|x64
		{F6539BDE-1EE0-48A9-B8D4-2A5F9B8DA405}.Debug|x64.Build.0 = Debug|x64
		{F6539BDE-1EE0-48A9-B8D4-2A5F9B8DA405}.Debug|x86.ActiveCfg = Debug|Win32
		{F6539BDE-1EE0-48A9-B8D4-2A5F9B8DA405}.Debug|x86.Build.0 = Debug|Win32
		{F6539BDE-1EE0-48A9-B8D4-2A5F9B8DA405}.Release|x64.ActiveCfg = Release|x64
		{F6539BDE-1EE0-48A9-B8D4-2A5F9B8DA405}.Release|x64.Build.0 = Release|x64
		{F6539BDE-1EE0-48A9-B8D4-2A5F9B8DA405}.Release|x86.ActiveCfg = Release|Win32
		{F6539BDE-1EE0-48A9-B8D4-2A5F9B8DA405}.Release|x86.Build.0 = Release|Win32
		{4A5F8BFB-7216-4359-87A5-EDA81E42783C}.Debug|x64.ActiveCfg = Debug|x64
		{4A5F8BFB-7216-4359-87A5-EDA81E42783C}.Debug|x64.Build.0 = Debug|x64
		{4A5F8BFB-7216-4359-87A5-EDA81E42783C}.Debug|x86.ActiveCfg = Debug|Win32
		{4A5F8BFB-7216-4359-87A5-EDA81E42783C}.Debug|x86.Build.0 = Debug|Win32
		{4A5F8BFB-7216-4359-87A5-EDA81E42783C}.Release|x64.ActiveCfg = Release|x64
		{4A5F8BFB-7216-4359-87A5-EDA81E42783C}.Release|x64.Build.0 = Release|x64
		{4A5F8BFB-7216-4359-87A5-EDA81E42783C}.Release|x86.ActiveCfg = Release|Win32
		{4A5F8BFB-7216-4359-87A5-EDA81E42783C}.Release|x86.Build.0 = Release|Win32
		{82F32583-F879-4FBC-A0AF-A811CD8EFBB6}.Debug|x64.ActiveCfg = Debug|x64
		{82F32583-F879-4FBC-A0AF-A811CD8EFBB6}.Debug|x64.Build.0 = Debug|x64
		{82F32583-F879-4FBC-A0AF-A811CD8EFBB6}.Debug|x86.ActiveCfg = Debug|Win32
		{82F32583-F879-4FBC-A0AF-A811CD8EFBB6}.Debug|x86.Build.0 = Debug|Win32
		{82F32583-F879-4FBC-A0AF-A811CD8EFBB6}.Release|x64.ActiveCfg = Release|x64
		{82F32583-F879-4FBC-A0AF-A811CD8EFBB6}.Release|x64.Build.0 = Release|x64
		{82F32583-F879-4FBC-A0AF-A811CD8EFBB6}.Release|x86.ActiveCfg = Release|Win32
		{82F32583-F879-4FBC-A0AF-A811CD8EFBB6}.Release|x86.Build.0 = Release|Win32
		{1421A844-C5BA-4156-A9A2-635A9CE737A3}.Debug|x64.ActiveCfg = Debug|x64
		{1421A844-C5BA-4156-A9A2-635A9CE737A3}.Debug|x64.Build.0 = Debug|x64
		{1421A844-C5BA-4156-A9A2-635A9CE737A3}.Debug|x86.ActiveCfg = Debug|Win32
		{1421A844-C5BA-4156-A9A2-635A9CE737A3}.Debug|x86.Build.0 = Debug|Win32
		{1421A844-C5BA-4156-A9A2-635A9CE737A3}.Release|x64.ActiveCfg = Release|x64
		{1421A844-C5BA-4156-A9A2-635A9CE737A3}.Release|x64.Build.0 = Release|x64
		{1421A844-C5BA-4156-A9A2-635A9CE737A3}.Release|x86.ActiveCfg = Release|Win32
		{1421A844-C5BA-4156-A9A2-635A9CE737A3}.Release|x86.Build.0 = Release|Win32
	EndGlobalSection
	GlobalSection(SolutionProperties) = preSolution
		HideSolutionNode = FALSE
	EndGlobalSection
EndGlobal
